
Microsoft Visual Studio Solution File, Format Version 12.00
# Visual Studio Version 17
VisualStudioVersion = 17.14.37301.10 d17.14
MinimumVisualStudioVersion = 10.0.40219.1
Project("{FAE04EC0-301F-11D3-BF4B-00C04F79EFBC}") = "PrintScreenApp", "PrintScreenApp\PrintScreenApp.csproj", "{4A811A13-1B12-4205-8155-F29D9130120D}"
EndProject
Global
	GlobalSection(SolutionConfigurationPlatforms) = preSolution
		Debug|Any CPU = Debug|Any CPU
		Release|Any CPU = Release|Any CPU
	EndGlobalSection
	GlobalSection(ProjectConfigurationPlatforms) = postSolution
		{4A811A13-1B12-4205-8155-F29D9130120D}.Debug|Any CPU.ActiveCfg = Debug|Any CPU
		{4A811A13-1B12-4205-8155-F29D9130120D}.Debug|Any CPU.Build.0 = Debug|Any CPU
		{4A811A13-1B12-4205-8155-F29D9130120D}.Release|Any CPU.ActiveCfg = Release|Any CPU
		{4A811A13-1B12-4205-8155-F29D9130120D}.Release|Any CPU.Build.0 = Release|Any CPU
	EndGlobalSection
	GlobalSection(SolutionProperties) = preSolution
		HideSolutionNode = FALSE
	EndGlobalSection
	GlobalSection(ExtensibilityGlobals) = postSolution
		SolutionGuid = {6AF30F2D-235D-4181-BE79-47026D4369D0}
	EndGlobalSection
EndGlobal
